// !$*UTF8*$!
{
	archiveVersion = 1;
	classes = {
	};
	objectVersion = 50;
	objects = {

/* Begin PBXBuildFile section */
		7EBD7B40249E839500C5AD69 /* AppDelegate.swift in Sources */ = {isa = PBXBuildFile; fileRef = 7EBD7B3F249E839500C5AD69 /* AppDelegate.swift */; };
		7EBD7B42249E839500C5AD69 /* SceneDelegate.swift in Sources */ = {isa = PBXBuildFile; fileRef = 7EBD7B41249E839500C5AD69 /* SceneDelegate.swift */; };
		7EBD7B44249E839500C5AD69 /* ContentView.swift in Sources */ = {isa = PBXBuildFile; fileRef = 7EBD7B43249E839500C5AD69 /* ContentView.swift */; };
		7EBD7B46249E839800C5AD69 /* Assets.xcassets in Resources */ = {isa = PBXBuildFile; fileRef = 7EBD7B45249E839800C5AD69 /* Assets.xcassets */; };
		7EBD7B49249E839800C5AD69 /* Preview Assets.xcassets in Resources */ = {isa = PBXBuildFile; fileRef = 7EBD7B48249E839800C5AD69 /* Preview Assets.xcassets */; };
		7EBD7B4C249E839800C5AD69 /* LaunchScreen.storyboard in Resources */ = {isa = PBXBuildFile; fileRef = 7EBD7B4A249E839800C5AD69 /* LaunchScreen.storyboard */; };
		7EBD7B57249E839900C5AD69 /* MoviesTests.swift in Sources */ = {isa = PBXBuildFile; fileRef = 7EBD7B56249E839900C5AD69 /* MoviesTests.swift */; };
		7EBD7B62249E839900C5AD69 /* MoviesUITests.swift in Sources */ = {isa = PBXBuildFile; fileRef = 7EBD7B61249E839900C5AD69 /* MoviesUITests.swift */; };
/* End PBXBuildFile section */

/* Begin PBXContainerItemProxy section */
		7EBD7B53249E839900C5AD69 /* PBXContainerItemProxy */ = {
			isa = PBXContainerItemProxy;
			containerPortal = 7EBD7B34249E839500C5AD69 /* Project object */;
			proxyType = 1;
			remoteGlobalIDString = 7EBD7B3B249E839500C5AD69;
			remoteInfo = Movies;
		};
		7EBD7B5E249E839900C5AD69 /* PBXContainerItemProxy */ = {
			isa = PBXContainerItemProxy;
			containerPortal = 7EBD7B34249E839500C5AD69 /* Project object */;
			proxyType = 1;
			remoteGlobalIDString = 7EBD7B3B249E839500C5AD69;
			remoteInfo = Movies;
		};
/* End PBXContainerItemProxy section */

/* Begin PBXFileReference section */
		7EBD7B3C249E839500C5AD69 /* Movies.app */ = {isa = PBXFileReference; explicitFileType = wrapper.application; includeInIndex = 0; path = Movies.app; sourceTree = BUILT_PRODUCTS_DIR; };
		7EBD7B3F249E839500C5AD69 /* AppDelegate.swift */ = {isa = PBXFileReference; lastKnownFileType = sourcecode.swift; path = AppDelegate.swift; sourceTree = "<group>"; };
		7EBD7B41249E839500C5AD69 /* SceneDelegate.swift */ = {isa = PBXFileReference; lastKnownFileType = sourcecode.swift; path = SceneDelegate.swift; sourceTree = "<group>"; };
		7EBD7B43249E839500C5AD69 /* ContentView.swift */ = {isa = PBXFileReference; lastKnownFileType = sourcecode.swift; path = ContentView.swift; sourceTree = "<group>"; };
		7EBD7B45249E839800C5AD69 /* Assets.xcassets */ = {isa = PBXFileReference; lastKnownFileType = folder.assetcatalog; path = Assets.xcassets; sourceTree = "<group>"; };
		7EBD7B48249E839800C5AD69 /* Preview Assets.xcassets */ = {isa = PBXFileReference; lastKnownFileType = folder.assetcatalog; path = "Preview Assets.xcassets"; sourceTree = "<group>"; };
		7EBD7B4B249E839800C5AD69 /* Base */ = {isa = PBXFileReference; lastKnownFileType = file.storyboard; name = Base; path = Base.lproj/LaunchScreen.storyboard; sourceTree = "<group>"; };
		7EBD7B4D249E839800C5AD69 /* Info.plist */ = {isa = PBXFileReference; lastKnownFileType = text.plist.xml; path = Info.plist; sourceTree = "<group>"; };
		7EBD7B52249E839900C5AD69 /* MoviesTests.xctest */ = {isa = PBXFileReference; explicitFileType = wrapper.cfbundle; includeInIndex = 0; path = MoviesTests.xctest; sourceTree = BUILT_PRODUCTS_DIR; };
		7EBD7B56249E839900C5AD69 /* MoviesTests.swift */ = {isa = PBXFileReference; lastKnownFileType = sourcecode.swift; path = MoviesTests.swift; sourceTree = "<group>"; };
		7EBD7B58249E839900C5AD69 /* Info.plist */ = {isa = PBXFileReference; lastKnownFileType = text.plist.xml; path = Info.plist; sourceTree = "<group>"; };
		7EBD7B5D249E839900C5AD69 /* MoviesUITests.xctest */ = {isa = PBXFileReference; explicitFileType = wrapper.cfbundle; includeInIndex = 0; path = MoviesUITests.xctest; sourceTree = BUILT_PRODUCTS_DIR; };
		7EBD7B61249E839900C5AD69 /* MoviesUITests.swift */ = {isa = PBXFileReference; lastKnownFileType = sourcecode.swift; path = MoviesUITests.swift; sourceTree = "<group>"; };
		7EBD7B63249E839900C5AD69 /* Info.plist */ = {isa = PBXFileReference; lastKnownFileType = text.plist.xml; path = Info.plist; sourceTree = "<group>"; };
/* End PBXFileReference section */

/* Begin PBXFrameworksBuildPhase section */
		7EBD7B39249E839500C5AD69 /* Frameworks */ = {
			isa = PBXFrameworksBuildPhase;
			buildActionMask = 2147483647;
			files = (
			);
			runOnlyForDeploymentPostprocessing = 0;
		};
		7EBD7B4F249E839900C5AD69 /* Frameworks */ = {
			isa = PBXFrameworksBuildPhase;
			buildActionMask = 2147483647;
			files = (
			);
			runOnlyForDeploymentPostprocessing = 0;
		};
		7EBD7B5A249E839900C5AD69 /* Frameworks */ = {
			isa = PBXFrameworksBuildPhase;
			buildActionMask = 2147483647;
			files = (
			);
			runOnlyForDeploymentPostprocessing = 0;
		};
/* End PBXFrameworksBuildPhase section */

/* Begin PBXGroup section */
		7EBD7B33249E839500C5AD69 = {
			isa = PBXGroup;
			children = (
				7EBD7B3E249E839500C5AD69 /* Movies */,
				7EBD7B55249E839900C5AD69 /* MoviesTests */,
				7EBD7B60249E839900C5AD69 /* MoviesUITests */,
				7EBD7B3D249E839500C5AD69 /* Products */,
			);
			sourceTree = "<group>";
		};
		7EBD7B3D249E839500C5AD69 /* Products */ = {
			isa = PBXGroup;
			children = (
				7EBD7B3C249E839500C5AD69 /* Movies.app */,
				7EBD7B52249E839900C5AD69 /* MoviesTests.xctest */,
				7EBD7B5D249E839900C5AD69 /* MoviesUITests.xctest */,
			);
			name = Products;
			sourceTree = "<group>";
		};
		7EBD7B3E249E839500C5AD69 /* Movies */ = {
			isa = PBXGroup;
			children = (
				7EBD7B3F249E839500C5AD69 /* AppDelegate.swift */,
				7EBD7B41249E839500C5AD69 /* SceneDelegate.swift */,
				7EBD7B43249E839500C5AD69 /* ContentView.swift */,
				7EBD7B45249E839800C5AD69 /* Assets.xcassets */,
				7EBD7B4A249E839800C5AD69 /* LaunchScreen.storyboard */,
				7EBD7B4D249E839800C5AD69 /* Info.plist */,
				7EBD7B47249E839800C5AD69 /* Preview Content */,
			);
			path = Movies;
			sourceTree = "<group>";
		};
		7EBD7B47249E839800C5AD69 /* Preview Content */ = {
			isa = PBXGroup;
			children = (
				7EBD7B48249E839800C5AD69 /* Preview Assets.xcassets */,
			);
			path = "Preview Content";
			sourceTree = "<group>";
		};
		7EBD7B55249E839900C5AD69 /* MoviesTests */ = {
			isa = PBXGroup;
			children = (
				7EBD7B56249E839900C5AD69 /* MoviesTests.swift */,
				7EBD7B58249E839900C5AD69 /* Info.plist */,
			);
			path = MoviesTests;
			sourceTree = "<group>";
		};
		7EBD7B60249E839900C5AD69 /* MoviesUITests */ = {
			isa = PBXGroup;
			children = (
				7EBD7B61249E839900C5AD69 /* MoviesUITests.swift */,
				7EBD7B63249E839900C5AD69 /* Info.plist */,
			);
			path = MoviesUITests;
			sourceTree = "<group>";
		};
/* End PBXGroup section */

/* Begin PBXNativeTarget section */
		7EBD7B3B249E839500C5AD69 /* Movies */ = {
			isa = PBXNativeTarget;
			buildConfigurationList = 7EBD7B66249E839900C5AD69 /* Build configuration list for PBXNativeTarget "Movies" */;
			buildPhases = (
				7EBD7B38249E839500C5AD69 /* Sources */,
				7EBD7B39249E839500C5AD69 /* Frameworks */,
				7EBD7B3A249E839500C5AD69 /* Resources */,
			);
			buildRules = (
			);
			dependencies = (
			);
			name = Movies;
			productName = Movies;
			productReference = 7EBD7B3C249E839500C5AD69 /* Movies.app */;
			productType = "com.apple.product-type.application";
		};
		7EBD7B51249E839900C5AD69 /* MoviesTests */ = {
			isa = PBXNativeTarget;
			buildConfigurationList = 7EBD7B69249E839900C5AD69 /* Build configuration list for PBXNativeTarget "MoviesTests" */;
			buildPhases = (
				7EBD7B4E249E839900C5AD69 /* Sources */,
				7EBD7B4F249E839900C5AD69 /* Frameworks */,
				7EBD7B50249E839900C5AD69 /* Resources */,
			);
			buildRules = (
			);
			dependencies = (
				7EBD7B54249E839900C5AD69 /* PBXTargetDependency */,
			);
			name = MoviesTests;
			productName = MoviesTests;
			productReference = 7EBD7B52249E839900C5AD69 /* MoviesTests.xctest */;
			productType = "com.apple.product-type.bundle.unit-test";
		};
		7EBD7B5C249E839900C5AD69 /* MoviesUITests */ = {
			isa = PBXNativeTarget;
			buildConfigurationList = 7EBD7B6C249E839900C5AD69 /* Build configuration list for PBXNativeTarget "MoviesUITests" */;
			buildPhases = (
				7EBD7B59249E839900C5AD69 /* Sources */,
				7EBD7B5A249E839900C5AD69 /* Frameworks */,
				7EBD7B5B249E839900C5AD69 /* Resources */,
			);
			buildRules = (
			);
			dependencies = (
				7EBD7B5F249E839900C5AD69 /* PBXTargetDependency */,
			);
			name = MoviesUITests;
			productName = MoviesUITests;
			productReference = 7EBD7B5D249E839900C5AD69 /* MoviesUITests.xctest */;
			productType = "com.apple.product-type.bundle.ui-testing";
		};
/* End PBXNativeTarget section */

/* Begin PBXProject section */
		7EBD7B34249E839500C5AD69 /* Project object */ = {
			isa = PBXProject;
			attributes = {
				LastSwiftUpdateCheck = 1150;
				LastUpgradeCheck = 1150;
				ORGANIZATIONNAME = "Bruno Teixeira Muniz Rocha";
				TargetAttributes = {
					7EBD7B3B249E839500C5AD69 = {
						CreatedOnToolsVersion = 11.5;
					};
					7EBD7B51249E839900C5AD69 = {
						CreatedOnToolsVersion = 11.5;
						TestTargetID = 7EBD7B3B249E839500C5AD69;
					};
					7EBD7B5C249E839900C5AD69 = {
						CreatedOnToolsVersion = 11.5;
						TestTargetID = 7EBD7B3B249E839500C5AD69;
					};
				};
			};
			buildConfigurationList = 7EBD7B37249E839500C5AD69 /* Build configuration list for PBXProject "Movies" */;
			compatibilityVersion = "Xcode 9.3";
			developmentRegion = en;
			hasScannedForEncodings = 0;
			knownRegions = (
				en,
				Base,
			);
			mainGroup = 7EBD7B33249E839500C5AD69;
			productRefGroup = 7EBD7B3D249E839500C5AD69 /* Products */;
			projectDirPath = "";
			projectRoot = "";
			targets = (
				7EBD7B3B249E839500C5AD69 /* Movies */,
				7EBD7B51249E839900C5AD69 /* MoviesTests */,
				7EBD7B5C249E839900C5AD69 /* MoviesUITests */,
			);
		};
/* End PBXProject section */

/* Begin PBXResourcesBuildPhase section */
		7EBD7B3A249E839500C5AD69 /* Resources */ = {
			isa = PBXResourcesBuildPhase;
			buildActionMask = 2147483647;
			files = (
				7EBD7B4C249E839800C5AD69 /* LaunchScreen.storyboard in Resources */,
				7EBD7B49249E839800C5AD69 /* Preview Assets.xcassets in Resources */,
				7EBD7B46249E839800C5AD69 /* Assets.xcassets in Resources */,
			);
			runOnlyForDeploymentPostprocessing = 0;
		};
		7EBD7B50249E839900C5AD69 /* Resources */ = {
			isa = PBXResourcesBuildPhase;
			buildActionMask = 2147483647;
			files = (
			);
			runOnlyForDeploymentPostprocessing = 0;
		};
		7EBD7B5B249E839900C5AD69 /* Resources */ = {
			isa = PBXResourcesBuildPhase;
			buildActionMask = 2147483647;
			files = (
			);
			runOnlyForDeploymentPostprocessing = 0;
		};
/* End PBXResourcesBuildPhase section */

/* Begin PBXSourcesBuildPhase section */
		7EBD7B38249E839500C5AD69 /* Sources */ = {
			isa = PBXSourcesBuildPhase;
			buildActionMask = 2147483647;
			files = (
				7EBD7B40249E839500C5AD69 /* AppDelegate.swift in Sources */,
				7EBD7B42249E839500C5AD69 /* SceneDelegate.swift in Sources */,
				7EBD7B44249E839500C5AD69 /* ContentView.swift in Sources */,
			);
			runOnlyForDeploymentPostprocessing = 0;
		};
		7EBD7B4E249E839900C5AD69 /* Sources */ = {
			isa = PBXSourcesBuildPhase;
			buildActionMask = 2147483647;
			files = (
				7EBD7B57249E839900C5AD69 /* MoviesTests.swift in Sources */,
			);
			runOnlyForDeploymentPostprocessing = 0;
		};
		7EBD7B59249E839900C5AD69 /* Sources */ = {
			isa = PBXSourcesBuildPhase;
			buildActionMask = 2147483647;
			files = (
				7EBD7B62249E839900C5AD69 /* MoviesUITests.swift in Sources */,
			);
			runOnlyForDeploymentPostprocessing = 0;
		};
/* End PBXSourcesBuildPhase section */

/* Begin PBXTargetDependency section */
		7EBD7B54249E839900C5AD69 /* PBXTargetDependency */ = {
			isa = PBXTargetDependency;
			target = 7EBD7B3B249E839500C5AD69 /* Movies */;
			targetProxy = 7EBD7B53249E839900C5AD69 /* PBXContainerItemProxy */;
		};
		7EBD7B5F249E839900C5AD69 /* PBXTargetDependency */ = {
			isa = PBXTargetDependency;
			target = 7EBD7B3B249E839500C5AD69 /* Movies */;
			targetProxy = 7EBD7B5E249E839900C5AD69 /* PBXContainerItemProxy */;
		};
/* End PBXTargetDependency section */

/* Begin PBXVariantGroup section */
		7EBD7B4A249E839800C5AD69 /* LaunchScreen.storyboard */ = {
			isa = PBXVariantGroup;
			children = (
				7EBD7B4B249E839800C5AD69 /* Base */,
			);
			name = LaunchScreen.storyboard;
			sourceTree = "<group>";
		};
/* End PBXVariantGroup section */

/* Begin XCBuildConfiguration section */
		7EBD7B64249E839900C5AD69 /* Debug */ = {
			isa = XCBuildConfiguration;
			buildSettings = {
				ALWAYS_SEARCH_USER_PATHS = NO;
				CLANG_ANALYZER_NONNULL = YES;
				CLANG_ANALYZER_NUMBER_OBJECT_CONVERSION = YES_AGGRESSIVE;
				CLANG_CXX_LANGUAGE_STANDARD = "gnu++14";
				CLANG_CXX_LIBRARY = "libc++";
				CLANG_ENABLE_MODULES = YES;
				CLANG_ENABLE_OBJC_ARC = YES;
				CLANG_ENABLE_OBJC_WEAK = YES;
				CLANG_WARN_BLOCK_CAPTURE_AUTORELEASING = YES;
				CLANG_WARN_BOOL_CONVERSION = YES;
				CLANG_WARN_COMMA = YES;
				CLANG_WARN_CONSTANT_CONVERSION = YES;
				CLANG_WARN_DEPRECATED_OBJC_IMPLEMENTATIONS = YES;
				CLANG_WARN_DIRECT_OBJC_ISA_USAGE = YES_ERROR;
				CLANG_WARN_DOCUMENTATION_COMMENTS = YES;
				CLANG_WARN_EMPTY_BODY = YES;
				CLANG_WARN_ENUM_CONVERSION = YES;
				CLANG_WARN_INFINITE_RECURSION = YES;
				CLANG_WARN_INT_CONVERSION = YES;
				CLANG_WARN_NON_LITERAL_NULL_CONVERSION = YES;
				CLANG_WARN_OBJC_IMPLICIT_RETAIN_SELF = YES;
				CLANG_WARN_OBJC_LITERAL_CONVERSION = YES;
				CLANG_WARN_OBJC_ROOT_CLASS = YES_ERROR;
				CLANG_WARN_RANGE_LOOP_ANALYSIS = YES;
				CLANG_WARN_STRICT_PROTOTYPES = YES;
				CLANG_WARN_SUSPICIOUS_MOVE = YES;
				CLANG_WARN_UNGUARDED_AVAILABILITY = YES_AGGRESSIVE;
				CLANG_WARN_UNREACHABLE_CODE = YES;
				CLANG_WARN__DUPLICATE_METHOD_MATCH = YES;
				COPY_PHASE_STRIP = NO;
				DEBUG_INFORMATION_FORMAT = dwarf;
				ENABLE_STRICT_OBJC_MSGSEND = YES;
				ENABLE_TESTABILITY = YES;
				GCC_C_LANGUAGE_STANDARD = gnu11;
				GCC_DYNAMIC_NO_PIC = NO;
				GCC_NO_COMMON_BLOCKS = YES;
				GCC_OPTIMIZATION_LEVEL = 0;
				GCC_PREPROCESSOR_DEFINITIONS = (
					"DEBUG=1",
					"$(inherited)",
				);
				GCC_WARN_64_TO_32_BIT_CONVERSION = YES;
				GCC_WARN_ABOUT_RETURN_TYPE = YES_ERROR;
				GCC_WARN_UNDECLARED_SELECTOR = YES;
				GCC_WARN_UNINITIALIZED_AUTOS = YES_AGGRESSIVE;
				GCC_WARN_UNUSED_FUNCTION = YES;
				GCC_WARN_UNUSED_VARIABLE = YES;
				IPHONEOS_DEPLOYMENT_TARGET = 13.5;
				MTL_ENABLE_DEBUG_INFO = INCLUDE_SOURCE;
				MTL_FAST_MATH = YES;
				ONLY_ACTIVE_ARCH = YES;
				SDKROOT = iphoneos;
				SWIFT_ACTIVE_COMPILATION_CONDITIONS = DEBUG;
				SWIFT_OPTIMIZATION_LEVEL = "-Onone";
			};
			name = Debug;
		};
		7EBD7B65249E839900C5AD69 /* Release */ = {
			isa = XCBuildConfiguration;
			buildSettings = {
				ALWAYS_SEARCH_USER_PATHS = NO;
				CLANG_ANALYZER_NONNULL = YES;
				CLANG_ANALYZER_NUMBER_OBJECT_CONVERSION = YES_AGGRESSIVE;
				CLANG_CXX_LANGUAGE_STANDARD = "gnu++14";
				CLANG_CXX_LIBRARY = "libc++";
				CLANG_ENABLE_MODULES = YES;
				CLANG_ENABLE_OBJC_ARC = YES;
				CLANG_ENABLE_OBJC_WEAK = YES;
				CLANG_WARN_BLOCK_CAPTURE_AUTORELEASING = YES;
				CLANG_WARN_BOOL_CONVERSION = YES;
				CLANG_WARN_COMMA = YES;
				CLANG_WARN_CONSTANT_CONVERSION = YES;
				CLANG_WARN_DEPRECATED_OBJC_IMPLEMENTATIONS = YES;
				CLANG_WARN_DIRECT_OBJC_ISA_USAGE = YES_ERROR;
				CLANG_WARN_DOCUMENTATION_COMMENTS = YES;
				CLANG_WARN_EMPTY_BODY = YES;
				CLANG_WARN_ENUM_CONVERSION = YES;
				CLANG_WARN_INFINITE_RECURSION = YES;
				CLANG_WARN_INT_CONVERSION = YES;
				CLANG_WARN_NON_LITERAL_NULL_CONVERSION = YES;
				CLANG_WARN_OBJC_IMPLICIT_RETAIN_SELF = YES;
				CLANG_WARN_OBJC_LITERAL_CONVERSION = YES;
				CLANG_WARN_OBJC_ROOT_CLASS = YES_ERROR;
				CLANG_WARN_RANGE_LOOP_ANALYSIS = YES;
				CLANG_WARN_STRICT_PROTOTYPES = YES;
				CLANG_WARN_SUSPICIOUS_MOVE = YES;
				CLANG_WARN_UNGUARDED_AVAILABILITY = YES_AGGRESSIVE;
				CLANG_WARN_UNREACHABLE_CODE = YES;
				CLANG_WARN__DUPLICATE_METHOD_MATCH = YES;
				COPY_PHASE_STRIP = NO;
				DEBUG_INFORMATION_FORMAT = "dwarf-with-dsym";
				ENABLE_NS_ASSERTIONS = NO;
				ENABLE_STRICT_OBJC_MSGSEND = YES;
				GCC_C_LANGUAGE_STANDARD = gnu11;
				GCC_NO_COMMON_BLOCKS = YES;
				GCC_WARN_64_TO_32_BIT_CONVERSION = YES;
				GCC_WARN_ABOUT_RETURN_TYPE = YES_ERROR;
				GCC_WARN_UNDECLARED_SELECTOR = YES;
				GCC_WARN_UNINITIALIZED_AUTOS = YES_AGGRESSIVE;
				GCC_WARN_UNUSED_FUNCTION = YES;
				GCC_WARN_UNUSED_VARIABLE = YES;
				IPHONEOS_DEPLOYMENT_TARGET = 13.5;
				MTL_ENABLE_DEBUG_INFO = NO;
				MTL_FAST_MATH = YES;
				SDKROOT = iphoneos;
				SWIFT_COMPILATION_MODE = wholemodule;
				SWIFT_OPTIMIZATION_LEVEL = "-O";
				VALIDATE_PRODUCT = YES;
			};
			name = Release;
		};
		7EBD7B67249E839900C5AD69 /* Debug */ = {
			isa = XCBuildConfiguration;
			buildSettings = {
				ASSETCATALOG_COMPILER_APPICON_NAME = AppIcon;
				CODE_SIGN_STYLE = Automatic;
				DEVELOPMENT_ASSET_PATHS = "\"Movies/Preview Content\"";
				DEVELOPMENT_TEAM = 27ZQWPJCSS;
				ENABLE_PREVIEWS = YES;
				INFOPLIST_FILE = Movies/Info.plist;
				LD_RUNPATH_SEARCH_PATHS = (
					"$(inherited)",
					"@executable_path/Frameworks",
				);
				PRODUCT_BUNDLE_IDENTIFIER = br.com.oi.identidadeoihomol.Movies;
				PRODUCT_NAME = "$(TARGET_NAME)";
				SWIFT_VERSION = 5.0;
				TARGETED_DEVICE_FAMILY = "1,2";
			};
			name = Debug;
		};
		7EBD7B68249E839900C5AD69 /* Release */ = {
			isa = XCBuildConfiguration;
			buildSettings = {
				ASSETCATALOG_COMPILER_APPICON_NAME = AppIcon;
				CODE_SIGN_STYLE = Automatic;
				DEVELOPMENT_ASSET_PATHS = "\"Movies/Preview Content\"";
				DEVELOPMENT_TEAM = 27ZQWPJCSS;
				ENABLE_PREVIEWS = YES;
				INFOPLIST_FILE = Movies/Info.plist;
				LD_RUNPATH_SEARCH_PATHS = (
					"$(inherited)",
					"@executable_path/Frameworks",
				);
				PRODUCT_BUNDLE_IDENTIFIER = br.com.oi.identidadeoihomol.Movies;
				PRODUCT_NAME = "$(TARGET_NAME)";
				SWIFT_VERSION = 5.0;
				TARGETED_DEVICE_FAMILY = "1,2";
			};
			name = Release;
		};
		7EBD7B6A249E839900C5AD69 /* Debug */ = {
			isa = XCBuildConfiguration;
			buildSettings = {
				ALWAYS_EMBED_SWIFT_STANDARD_LIBRARIES = YES;
				BUNDLE_LOADER = "$(TEST_HOST)";
				CODE_SIGN_STYLE = Automatic;
				DEVELOPMENT_TEAM = 27ZQWPJCSS;
				INFOPLIST_FILE = MoviesTests/Info.plist;
				IPHONEOS_DEPLOYMENT_TARGET = 13.5;
				LD_RUNPATH_SEARCH_PATHS = (
					"$(inherited)",
					"@executable_path/Frameworks",
					"@loader_path/Frameworks",
				);
				PRODUCT_BUNDLE_IDENTIFIER = br.com.oi.identidadeoihomol.MoviesTests;
				PRODUCT_NAME = "$(TARGET_NAME)";
				SWIFT_VERSION = 5.0;
				TARGETED_DEVICE_FAMILY = "1,2";
				TEST_HOST = "$(BUILT_PRODUCTS_DIR)/Movies.app/Movies";
			};
			name = Debug;
		};
		7EBD7B6B249E839900C5AD69 /* Release */ = {
			isa = XCBuildConfiguration;
			buildSettings = {
				ALWAYS_EMBED_SWIFT_STANDARD_LIBRARIES = YES;
				BUNDLE_LOADER = "$(TEST_HOST)";
				CODE_SIGN_STYLE = Automatic;
				DEVELOPMENT_TEAM = 27ZQWPJCSS;
				INFOPLIST_FILE = MoviesTests/Info.plist;
				IPHONEOS_DEPLOYMENT_TARGET = 13.5;
				LD_RUNPATH_SEARCH_PATHS = (
					"$(inherited)",
					"@executable_path/Frameworks",
					"@loader_path/Frameworks",
				);
				PRODUCT_BUNDLE_IDENTIFIER = br.com.oi.identidadeoihomol.MoviesTests;
				PRODUCT_NAME = "$(TARGET_NAME)";
				SWIFT_VERSION = 5.0;
				TARGETED_DEVICE_FAMILY = "1,2";
				TEST_HOST = "$(BUILT_PRODUCTS_DIR)/Movies.app/Movies";
			};
			name = Release;
		};
		7EBD7B6D249E839900C5AD69 /* Debug */ = {
			isa = XCBuildConfiguration;
			buildSettings = {
				ALWAYS_EMBED_SWIFT_STANDARD_LIBRARIES = YES;
				CODE_SIGN_STYLE = Automatic;
				DEVELOPMENT_TEAM = 27ZQWPJCSS;
				INFOPLIST_FILE = MoviesUITests/Info.plist;
				LD_RUNPATH_SEARCH_PATHS = (
					"$(inherited)",
					"@executable_path/Frameworks",
					"@loader_path/Frameworks",
				);
				PRODUCT_BUNDLE_IDENTIFIER = br.com.oi.identidadeoihomol.MoviesUITests;
				PRODUCT_NAME = "$(TARGET_NAME)";
				SWIFT_VERSION = 5.0;
				TARGETED_DEVICE_FAMILY = "1,2";
				TEST_TARGET_NAME = Movies;
			};
			name = Debug;
		};
		7EBD7B6E249E839900C5AD69 /* Release */ = {
			isa = XCBuildConfiguration;
			buildSettings = {
				ALWAYS_EMBED_SWIFT_STANDARD_LIBRARIES = YES;
				CODE_SIGN_STYLE = Automatic;
				DEVELOPMENT_TEAM = 27ZQWPJCSS;
				INFOPLIST_FILE = MoviesUITests/Info.plist;
				LD_RUNPATH_SEARCH_PATHS = (
					"$(inherited)",
					"@executable_path/Frameworks",
					"@loader_path/Frameworks",
				);
				PRODUCT_BUNDLE_IDENTIFIER = br.com.oi.identidadeoihomol.MoviesUITests;
				PRODUCT_NAME = "$(TARGET_NAME)";
				SWIFT_VERSION = 5.0;
				TARGETED_DEVICE_FAMILY = "1,2";
				TEST_TARGET_NAME = Movies;
			};
			name = Release;
		};
/* End XCBuildConfiguration section */

/* Begin XCConfigurationList section */
		7EBD7B37249E839500C5AD69 /* Build configuration list for PBXProject "Movies" */ = {
			isa = XCConfigurationList;
			buildConfigurations = (
				7EBD7B64249E839900C5AD69 /* Debug */,
				7EBD7B65249E839900C5AD69 /* Release */,
			);
			defaultConfigurationIsVisible = 0;
			defaultConfigurationName = Release;
		};
		7EBD7B66249E839900C5AD69 /* Build configuration list for PBXNativeTarget "Movies" */ = {
			isa = XCConfigurationList;
			buildConfigurations = (
				7EBD7B67249E839900C5AD69 /* Debug */,
				7EBD7B68249E839900C5AD69 /* Release */,
			);
			defaultConfigurationIsVisible = 0;
			defaultConfigurationName = Release;
		};
		7EBD7B69249E839900C5AD69 /* Build configuration list for PBXNativeTarget "MoviesTests" */ = {
			isa = XCConfigurationList;
			buildConfigurations = (
				7EBD7B6A249E839900C5AD69 /* Debug */,
				7EBD7B6B249E839900C5AD69 /* Release */,
			);
			defaultConfigurationIsVisible = 0;
			defaultConfigurationName = Release;
		};
		7EBD7B6C249E839900C5AD69 /* Build configuration list for PBXNativeTarget "MoviesUITests" */ = {
			isa = XCConfigurationList;
			buildConfigurations = (
				7EBD7B6D249E839900C5AD69 /* Debug */,
				7EBD7B6E249E839900C5AD69 /* Release */,
			);
			defaultConfigurationIsVisible = 0;
			defaultConfigurationName = Release;
		};
/* End XCConfigurationList section */
	};
	rootObject = 7EBD7B34249E839500C5AD69 /* Project object */;
}
